// !$*UTF8*$!
{
	archiveVersion = 1;
	classes = {
	};
	objectVersion = 51;
	objects = {

/* Begin PBXBuildFile section */
		2008FCD825E4D2320028C611 /* GMTableViewProtocol.m in Sources */ = {isa = PBXBuildFile; fileRef = 2008FCD725E4D2320028C611 /* GMTableViewProtocol.m */; };
		2008FCDE25E4D2A40028C611 /* GMTableViewDelegate.m in Sources */ = {isa = PBXBuildFile; fileRef = 2008FCDD25E4D2A40028C611 /* GMTableViewDelegate.m */; };
		2010EEC125DE7D7C0084D1A8 /* AFNetViewController.m in Sources */ = {isa = PBXBuildFile; fileRef = 2010EEBF25DE7D7C0084D1A8 /* AFNetViewController.m */; };
		2010EEC225DE7D7C0084D1A8 /* AFNetViewController.xib in Resources */ = {isa = PBXBuildFile; fileRef = 2010EEC025DE7D7C0084D1A8 /* AFNetViewController.xib */; };
		2010EECD25DF6A100084D1A8 /* KvocViewController.m in Sources */ = {isa = PBXBuildFile; fileRef = 2010EECB25DF6A100084D1A8 /* KvocViewController.m */; };
		2010EECE25DF6A100084D1A8 /* KvocViewController.xib in Resources */ = {isa = PBXBuildFile; fileRef = 2010EECC25DF6A100084D1A8 /* KvocViewController.xib */; };
		2010EED425DF6B520084D1A8 /* BankObject.m in Sources */ = {isa = PBXBuildFile; fileRef = 2010EED325DF6B520084D1A8 /* BankObject.m */; };
		2010EEEC25E0BED50084D1A8 /* KVCObject.m in Sources */ = {isa = PBXBuildFile; fileRef = 2010EEEB25E0BED50084D1A8 /* KVCObject.m */; };
		2010EEF325E103F90084D1A8 /* XYNLog.m in Sources */ = {isa = PBXBuildFile; fileRef = 2010EEF225E103F90084D1A8 /* XYNLog.m */; };
		2024836325F21968007B083C /* XYNToastView.m in Sources */ = {isa = PBXBuildFile; fileRef = 2024836225F21968007B083C /* XYNToastView.m */; };
		2024836925F21B5C007B083C /* XYNToastDefaultView.m in Sources */ = {isa = PBXBuildFile; fileRef = 2024836825F21B5C007B083C /* XYNToastDefaultView.m */; };
		2024837925F52952007B083C /* ScoketViewController.xib in Resources */ = {isa = PBXBuildFile; fileRef = 2024837625F52952007B083C /* ScoketViewController.xib */; };
		2024837A25F52952007B083C /* ScoketViewController.m in Sources */ = {isa = PBXBuildFile; fileRef = 2024837825F52952007B083C /* ScoketViewController.m */; };
		2024838025F52A7C007B083C /* GCDSocketManager.m in Sources */ = {isa = PBXBuildFile; fileRef = 2024837F25F52A7C007B083C /* GCDSocketManager.m */; };
		2031C23E25F5CBFD001A5DE2 /* RocketSocketManager.m in Sources */ = {isa = PBXBuildFile; fileRef = 2031C23D25F5CBFD001A5DE2 /* RocketSocketManager.m */; };
		2031C24425F608D1001A5DE2 /* MQTTManager.m in Sources */ = {isa = PBXBuildFile; fileRef = 2031C24325F608D1001A5DE2 /* MQTTManager.m */; };
		203DC7AB25F1E97700745FC6 /* XYNToastManager.m in Sources */ = {isa = PBXBuildFile; fileRef = 203DC7A925F1E97700745FC6 /* XYNToastManager.m */; };
		2078E72925E4E0250080E572 /* UIView+Frame.m in Sources */ = {isa = PBXBuildFile; fileRef = 2078E72825E4E0250080E572 /* UIView+Frame.m */; };
		2078E78225E8C5210080E572 /* AlertViewController.m in Sources */ = {isa = PBXBuildFile; fileRef = 2078E78025E8C5210080E572 /* AlertViewController.m */; };
		2078E78325E8C5210080E572 /* AlertViewController.xib in Resources */ = {isa = PBXBuildFile; fileRef = 2078E78125E8C5210080E572 /* AlertViewController.xib */; };
		2083659825EE3BFC006AF9A5 /* LockViewController.m in Sources */ = {isa = PBXBuildFile; fileRef = 2083659625EE3BFC006AF9A5 /* LockViewController.m */; };
		208365A825EF2C8C006AF9A5 /* MapViewController.m in Sources */ = {isa = PBXBuildFile; fileRef = 208365A325EF2C8C006AF9A5 /* MapViewController.m */; };
		208365A925EF2C8C006AF9A5 /* MapViewController.xib in Resources */ = {isa = PBXBuildFile; fileRef = 208365A525EF2C8C006AF9A5 /* MapViewController.xib */; };
		208365AA25EF2C8C006AF9A5 /* XYNAnnotation.m in Sources */ = {isa = PBXBuildFile; fileRef = 208365A625EF2C8C006AF9A5 /* XYNAnnotation.m */; };
		208365B225EF2D1E006AF9A5 /* GDMapViewController.m in Sources */ = {isa = PBXBuildFile; fileRef = 208365B025EF2D1E006AF9A5 /* GDMapViewController.m */; };
		208365B325EF2D1E006AF9A5 /* GDMapViewController.xib in Resources */ = {isa = PBXBuildFile; fileRef = 208365B125EF2D1E006AF9A5 /* GDMapViewController.xib */; };
		2095AF4425E49F55003FF5A6 /* TableViewController.m in Sources */ = {isa = PBXBuildFile; fileRef = 2095AF4225E49F55003FF5A6 /* TableViewController.m */; };
		2095AF4525E49F55003FF5A6 /* TableViewController.xib in Resources */ = {isa = PBXBuildFile; fileRef = 2095AF4325E49F55003FF5A6 /* TableViewController.xib */; };
		2095AF6425E4B39D003FF5A6 /* FirstModel.m in Sources */ = {isa = PBXBuildFile; fileRef = 2095AF6325E4B39D003FF5A6 /* FirstModel.m */; };
		2095AF7125E4C2B0003FF5A6 /* FirstCell.m in Sources */ = {isa = PBXBuildFile; fileRef = 2095AF6F25E4C2B0003FF5A6 /* FirstCell.m */; };
		2095AF7225E4C2B0003FF5A6 /* FirstCell.xib in Resources */ = {isa = PBXBuildFile; fileRef = 2095AF7025E4C2B0003FF5A6 /* FirstCell.xib */; };
		209CEF5525C167FA00854153 /* AppDelegate.m in Sources */ = {isa = PBXBuildFile; fileRef = 209CEF5425C167FA00854153 /* AppDelegate.m */; };
		209CEF5825C167FA00854153 /* SceneDelegate.m in Sources */ = {isa = PBXBuildFile; fileRef = 209CEF5725C167FA00854153 /* SceneDelegate.m */; };
		209CEF5B25C167FA00854153 /* ViewController.m in Sources */ = {isa = PBXBuildFile; fileRef = 209CEF5A25C167FA00854153 /* ViewController.m */; };
		209CEF5E25C167FA00854153 /* Main.storyboard in Resources */ = {isa = PBXBuildFile; fileRef = 209CEF5C25C167FA00854153 /* Main.storyboard */; };
		209CEF6125C167FA00854153 /* XYNHomeSys.xcdatamodeld in Sources */ = {isa = PBXBuildFile; fileRef = 209CEF5F25C167FA00854153 /* XYNHomeSys.xcdatamodeld */; };
		209CEF6325C167FA00854153 /* Assets.xcassets in Resources */ = {isa = PBXBuildFile; fileRef = 209CEF6225C167FA00854153 /* Assets.xcassets */; };
		209CEF6625C167FA00854153 /* LaunchScreen.storyboard in Resources */ = {isa = PBXBuildFile; fileRef = 209CEF6425C167FA00854153 /* LaunchScreen.storyboard */; };
		209CEF6925C167FA00854153 /* main.m in Sources */ = {isa = PBXBuildFile; fileRef = 209CEF6825C167FA00854153 /* main.m */; };
		209CEF7325C167FA00854153 /* XYNHomeSysTests.m in Sources */ = {isa = PBXBuildFile; fileRef = 209CEF7225C167FA00854153 /* XYNHomeSysTests.m */; };
		209CEF7E25C167FA00854153 /* XYNHomeSysUITests.m in Sources */ = {isa = PBXBuildFile; fileRef = 209CEF7D25C167FA00854153 /* XYNHomeSysUITests.m */; };
		209CEF9825C168B200854153 /* ThreadViewController.m in Sources */ = {isa = PBXBuildFile; fileRef = 209CEF9525C168B200854153 /* ThreadViewController.m */; };
		209CEF9925C168B200854153 /* ThreadViewController.xib in Resources */ = {isa = PBXBuildFile; fileRef = 209CEF9725C168B200854153 /* ThreadViewController.xib */; };
		209EF84225EB560F0080DF4B /* Toast.m in Sources */ = {isa = PBXBuildFile; fileRef = 209EF84125EB560F0080DF4B /* Toast.m */; };
		20CF387825F1E6A2002DEA90 /* Pods_XYNHomeSys.framework in Frameworks */ = {isa = PBXBuildFile; fileRef = 66E1629EADDCE1C1ADDAF7E5 /* Pods_XYNHomeSys.framework */; };
		20D19EEA25EF4152009A475B /* UIView+Toast.m in Sources */ = {isa = PBXBuildFile; fileRef = 20D19EE925EF4152009A475B /* UIView+Toast.m */; };
		20D19EF925EF5014009A475B /* CSToastManager.m in Sources */ = {isa = PBXBuildFile; fileRef = 20D19EF825EF5014009A475B /* CSToastManager.m */; };
		20D19F0825EF50E0009A475B /* CSToastStyle.m in Sources */ = {isa = PBXBuildFile; fileRef = 20D19F0725EF50E0009A475B /* CSToastStyle.m */; };
		20D19F0E25F09706009A475B /* XYNTools.m in Sources */ = {isa = PBXBuildFile; fileRef = 20D19F0D25F09706009A475B /* XYNTools.m */; };
		20D19F1425F109EB009A475B /* XYNUtils.m in Sources */ = {isa = PBXBuildFile; fileRef = 20D19F1325F109EB009A475B /* XYNUtils.m */; };
		3FAA8F7DC0E9AEB3D2ABA44A /* Pods_XYNHomeSysTests.framework in Frameworks */ = {isa = PBXBuildFile; fileRef = 75C2ECC15A8463E53FC1D2CE /* Pods_XYNHomeSysTests.framework */; };
		3FE5554B73AB374D6D70B20D /* Pods_XYNHomeSys_XYNHomeSysUITests.framework in Frameworks */ = {isa = PBXBuildFile; fileRef = 6C1B9ED6D7B3C6FC9F3A28A8 /* Pods_XYNHomeSys_XYNHomeSysUITests.framework */; };
/* End PBXBuildFile section */

/* Begin PBXContainerItemProxy section */
		209CEF6F25C167FA00854153 /* PBXContainerItemProxy */ = {
			isa = PBXContainerItemProxy;
			containerPortal = 209CEF4825C167FA00854153 /* Project object */;
			proxyType = 1;
			remoteGlobalIDString = 209CEF4F25C167FA00854153;
			remoteInfo = XYNHomeSys;
		};
		209CEF7A25C167FA00854153 /* PBXContainerItemProxy */ = {
			isa = PBXContainerItemProxy;
			containerPortal = 209CEF4825C167FA00854153 /* Project object */;
			proxyType = 1;
			remoteGlobalIDString = 209CEF4F25C167FA00854153;
			remoteInfo = XYNHomeSys;
		};
/* End PBXContainerItemProxy section */

/* Begin PBXFileReference section */
		0A4120EEB5D5690A94C79E4B /* Pods-XYNHomeSys.debug.xcconfig */ = {isa = PBXFileReference; includeInIndex = 1; lastKnownFileType = text.xcconfig; name = "Pods-XYNHomeSys.debug.xcconfig"; path = "Target Support Files/Pods-XYNHomeSys/Pods-XYNHomeSys.debug.xcconfig"; sourceTree = "<group>"; };
		2008FCD625E4D2320028C611 /* GMTableViewProtocol.h */ = {isa = PBXFileReference; lastKnownFileType = sourcecode.c.h; path = GMTableViewProtocol.h; sourceTree = "<group>"; };
		2008FCD725E4D2320028C611 /* GMTableViewProtocol.m */ = {isa = PBXFileReference; lastKnownFileType = sourcecode.c.objc; path = GMTableViewProtocol.m; sourceTree = "<group>"; };
		2008FCDC25E4D2A40028C611 /* GMTableViewDelegate.h */ = {isa = PBXFileReference; lastKnownFileType = sourcecode.c.h; path = GMTableViewDelegate.h; sourceTree = "<group>"; };
		2008FCDD25E4D2A40028C611 /* GMTableViewDelegate.m */ = {isa = PBXFileReference; lastKnownFileType = sourcecode.c.objc; path = GMTableViewDelegate.m; sourceTree = "<group>"; };
		2010EEBE25DE7D7C0084D1A8 /* AFNetViewController.h */ = {isa = PBXFileReference; lastKnownFileType = sourcecode.c.h; path = AFNetViewController.h; sourceTree = "<group>"; };
		2010EEBF25DE7D7C0084D1A8 /* AFNetViewController.m */ = {isa = PBXFileReference; lastKnownFileType = sourcecode.c.objc; path = AFNetViewController.m; sourceTree = "<group>"; };
		2010EEC025DE7D7C0084D1A8 /* AFNetViewController.xib */ = {isa = PBXFileReference; lastKnownFileType = file.xib; path = AFNetViewController.xib; sourceTree = "<group>"; };
		2010EECA25DF6A100084D1A8 /* KvocViewController.h */ = {isa = PBXFileReference; lastKnownFileType = sourcecode.c.h; path = KvocViewController.h; sourceTree = "<group>"; };
		2010EECB25DF6A100084D1A8 /* KvocViewController.m */ = {isa = PBXFileReference; lastKnownFileType = sourcecode.c.objc; path = KvocViewController.m; sourceTree = "<group>"; };
		2010EECC25DF6A100084D1A8 /* KvocViewController.xib */ = {isa = PBXFileReference; lastKnownFileType = file.xib; path = KvocViewController.xib; sourceTree = "<group>"; };
		2010EED225DF6B520084D1A8 /* BankObject.h */ = {isa = PBXFileReference; lastKnownFileType = sourcecode.c.h; path = BankObject.h; sourceTree = "<group>"; };
		2010EED325DF6B520084D1A8 /* BankObject.m */ = {isa = PBXFileReference; lastKnownFileType = sourcecode.c.objc; path = BankObject.m; sourceTree = "<group>"; };
		2010EEEA25E0BED50084D1A8 /* KVCObject.h */ = {isa = PBXFileReference; lastKnownFileType = sourcecode.c.h; path = KVCObject.h; sourceTree = "<group>"; };
		2010EEEB25E0BED50084D1A8 /* KVCObject.m */ = {isa = PBXFileReference; lastKnownFileType = sourcecode.c.objc; path = KVCObject.m; sourceTree = "<group>"; };
		2010EEF125E103F90084D1A8 /* XYNLog.h */ = {isa = PBXFileReference; lastKnownFileType = sourcecode.c.h; path = XYNLog.h; sourceTree = "<group>"; };
		2010EEF225E103F90084D1A8 /* XYNLog.m */ = {isa = PBXFileReference; lastKnownFileType = sourcecode.c.objc; path = XYNLog.m; sourceTree = "<group>"; };
		2024836125F21968007B083C /* XYNToastView.h */ = {isa = PBXFileReference; lastKnownFileType = sourcecode.c.h; path = XYNToastView.h; sourceTree = "<group>"; };
		2024836225F21968007B083C /* XYNToastView.m */ = {isa = PBXFileReference; lastKnownFileType = sourcecode.c.objc; path = XYNToastView.m; sourceTree = "<group>"; };
		2024836725F21B5C007B083C /* XYNToastDefaultView.h */ = {isa = PBXFileReference; lastKnownFileType = sourcecode.c.h; path = XYNToastDefaultView.h; sourceTree = "<group>"; };
		2024836825F21B5C007B083C /* XYNToastDefaultView.m */ = {isa = PBXFileReference; lastKnownFileType = sourcecode.c.objc; path = XYNToastDefaultView.m; sourceTree = "<group>"; };
		2024837625F52952007B083C /* ScoketViewController.xib */ = {isa = PBXFileReference; fileEncoding = 4; lastKnownFileType = file.xib; path = ScoketViewController.xib; sourceTree = "<group>"; };
		2024837725F52952007B083C /* ScoketViewController.h */ = {isa = PBXFileReference; fileEncoding = 4; lastKnownFileType = sourcecode.c.h; path = ScoketViewController.h; sourceTree = "<group>"; };
		2024837825F52952007B083C /* ScoketViewController.m */ = {isa = PBXFileReference; fileEncoding = 4; lastKnownFileType = sourcecode.c.objc; path = ScoketViewController.m; sourceTree = "<group>"; };
		2024837E25F52A7C007B083C /* GCDSocketManager.h */ = {isa = PBXFileReference; lastKnownFileType = sourcecode.c.h; path = GCDSocketManager.h; sourceTree = "<group>"; };
		2024837F25F52A7C007B083C /* GCDSocketManager.m */ = {isa = PBXFileReference; lastKnownFileType = sourcecode.c.objc; path = GCDSocketManager.m; sourceTree = "<group>"; };
		2031C23C25F5CBFD001A5DE2 /* RocketSocketManager.h */ = {isa = PBXFileReference; lastKnownFileType = sourcecode.c.h; path = RocketSocketManager.h; sourceTree = "<group>"; };
		2031C23D25F5CBFD001A5DE2 /* RocketSocketManager.m */ = {isa = PBXFileReference; lastKnownFileType = sourcecode.c.objc; path = RocketSocketManager.m; sourceTree = "<group>"; };
		2031C24225F608D1001A5DE2 /* MQTTManager.h */ = {isa = PBXFileReference; lastKnownFileType = sourcecode.c.h; path = MQTTManager.h; sourceTree = "<group>"; };
		2031C24325F608D1001A5DE2 /* MQTTManager.m */ = {isa = PBXFileReference; lastKnownFileType = sourcecode.c.objc; path = MQTTManager.m; sourceTree = "<group>"; };
		203DC7A925F1E97700745FC6 /* XYNToastManager.m */ = {isa = PBXFileReference; fileEncoding = 4; lastKnownFileType = sourcecode.c.objc; path = XYNToastManager.m; sourceTree = "<group>"; };
		203DC7AA25F1E97700745FC6 /* XYNToastManager.h */ = {isa = PBXFileReference; fileEncoding = 4; lastKnownFileType = sourcecode.c.h; path = XYNToastManager.h; sourceTree = "<group>"; };
		2078E72725E4E0250080E572 /* UIView+Frame.h */ = {isa = PBXFileReference; lastKnownFileType = sourcecode.c.h; path = "UIView+Frame.h"; sourceTree = "<group>"; };
		2078E72825E4E0250080E572 /* UIView+Frame.m */ = {isa = PBXFileReference; lastKnownFileType = sourcecode.c.objc; path = "UIView+Frame.m"; sourceTree = "<group>"; };
		2078E77F25E8C5210080E572 /* AlertViewController.h */ = {isa = PBXFileReference; lastKnownFileType = sourcecode.c.h; path = AlertViewController.h; sourceTree = "<group>"; };
		2078E78025E8C5210080E572 /* AlertViewController.m */ = {isa = PBXFileReference; lastKnownFileType = sourcecode.c.objc; path = AlertViewController.m; sourceTree = "<group>"; };
		2078E78125E8C5210080E572 /* AlertViewController.xib */ = {isa = PBXFileReference; lastKnownFileType = file.xib; path = AlertViewController.xib; sourceTree = "<group>"; };
		2083659525EE3BFC006AF9A5 /* LockViewController.h */ = {isa = PBXFileReference; lastKnownFileType = sourcecode.c.h; path = LockViewController.h; sourceTree = "<group>"; };
		2083659625EE3BFC006AF9A5 /* LockViewController.m */ = {isa = PBXFileReference; lastKnownFileType = sourcecode.c.objc; path = LockViewController.m; sourceTree = "<group>"; };
		208365A325EF2C8C006AF9A5 /* MapViewController.m */ = {isa = PBXFileReference; fileEncoding = 4; lastKnownFileType = sourcecode.c.objc; path = MapViewController.m; sourceTree = "<group>"; };
		208365A425EF2C8C006AF9A5 /* MapViewController.h */ = {isa = PBXFileReference; fileEncoding = 4; lastKnownFileType = sourcecode.c.h; path = MapViewController.h; sourceTree = "<group>"; };
		208365A525EF2C8C006AF9A5 /* MapViewController.xib */ = {isa = PBXFileReference; fileEncoding = 4; lastKnownFileType = file.xib; path = MapViewController.xib; sourceTree = "<group>"; };
		208365A625EF2C8C006AF9A5 /* XYNAnnotation.m */ = {isa = PBXFileReference; fileEncoding = 4; lastKnownFileType = sourcecode.c.objc; path = XYNAnnotation.m; sourceTree = "<group>"; };
		208365A725EF2C8C006AF9A5 /* XYNAnnotation.h */ = {isa = PBXFileReference; fileEncoding = 4; lastKnownFileType = sourcecode.c.h; path = XYNAnnotation.h; sourceTree = "<group>"; };
		208365AF25EF2D1E006AF9A5 /* GDMapViewController.h */ = {isa = PBXFileReference; lastKnownFileType = sourcecode.c.h; path = GDMapViewController.h; sourceTree = "<group>"; };
		208365B025EF2D1E006AF9A5 /* GDMapViewController.m */ = {isa = PBXFileReference; lastKnownFileType = sourcecode.c.objc; path = GDMapViewController.m; sourceTree = "<group>"; };
		208365B125EF2D1E006AF9A5 /* GDMapViewController.xib */ = {isa = PBXFileReference; lastKnownFileType = file.xib; path = GDMapViewController.xib; sourceTree = "<group>"; };
		2095AF4125E49F55003FF5A6 /* TableViewController.h */ = {isa = PBXFileReference; lastKnownFileType = sourcecode.c.h; path = TableViewController.h; sourceTree = "<group>"; };
		2095AF4225E49F55003FF5A6 /* TableViewController.m */ = {isa = PBXFileReference; lastKnownFileType = sourcecode.c.objc; path = TableViewController.m; sourceTree = "<group>"; };
		2095AF4325E49F55003FF5A6 /* TableViewController.xib */ = {isa = PBXFileReference; lastKnownFileType = file.xib; path = TableViewController.xib; sourceTree = "<group>"; };
		2095AF4925E4A228003FF5A6 /* XYNHeader.h */ = {isa = PBXFileReference; lastKnownFileType = sourcecode.c.h; path = XYNHeader.h; sourceTree = "<group>"; };
		2095AF4A25E4A273003FF5A6 /* PrefixHeader.pch */ = {isa = PBXFileReference; lastKnownFileType = sourcecode.c.h; path = PrefixHeader.pch; sourceTree = "<group>"; };
		2095AF6225E4B39D003FF5A6 /* FirstModel.h */ = {isa = PBXFileReference; lastKnownFileType = sourcecode.c.h; path = FirstModel.h; sourceTree = "<group>"; };
		2095AF6325E4B39D003FF5A6 /* FirstModel.m */ = {isa = PBXFileReference; lastKnownFileType = sourcecode.c.objc; path = FirstModel.m; sourceTree = "<group>"; };
		2095AF6E25E4C2B0003FF5A6 /* FirstCell.h */ = {isa = PBXFileReference; lastKnownFileType = sourcecode.c.h; path = FirstCell.h; sourceTree = "<group>"; };
		2095AF6F25E4C2B0003FF5A6 /* FirstCell.m */ = {isa = PBXFileReference; lastKnownFileType = sourcecode.c.objc; path = FirstCell.m; sourceTree = "<group>"; };
		2095AF7025E4C2B0003FF5A6 /* FirstCell.xib */ = {isa = PBXFileReference; lastKnownFileType = file.xib; path = FirstCell.xib; sourceTree = "<group>"; };
		209CEF5025C167FA00854153 /* XYNHomeSys.app */ = {isa = PBXFileReference; explicitFileType = wrapper.application; includeInIndex = 0; path = XYNHomeSys.app; sourceTree = BUILT_PRODUCTS_DIR; };
		209CEF5325C167FA00854153 /* AppDelegate.h */ = {isa = PBXFileReference; lastKnownFileType = sourcecode.c.h; path = AppDelegate.h; sourceTree = "<group>"; };
		209CEF5425C167FA00854153 /* AppDelegate.m */ = {isa = PBXFileReference; lastKnownFileType = sourcecode.c.objc; path = AppDelegate.m; sourceTree = "<group>"; };
		209CEF5625C167FA00854153 /* SceneDelegate.h */ = {isa = PBXFileReference; lastKnownFileType = sourcecode.c.h; path = SceneDelegate.h; sourceTree = "<group>"; };
		209CEF5725C167FA00854153 /* SceneDelegate.m */ = {isa = PBXFileReference; lastKnownFileType = sourcecode.c.objc; path = SceneDelegate.m; sourceTree = "<group>"; };
		209CEF5925C167FA00854153 /* ViewController.h */ = {isa = PBXFileReference; lastKnownFileType = sourcecode.c.h; path = ViewController.h; sourceTree = "<group>"; };
		209CEF5A25C167FA00854153 /* ViewController.m */ = {isa = PBXFileReference; lastKnownFileType = sourcecode.c.objc; path = ViewController.m; sourceTree = "<group>"; };
		209CEF5D25C167FA00854153 /* Base */ = {isa = PBXFileReference; lastKnownFileType = file.storyboard; name = Base; path = Base.lproj/Main.storyboard; sourceTree = "<group>"; };
		209CEF6025C167FA00854153 /* XYNHomeSys.xcdatamodel */ = {isa = PBXFileReference; lastKnownFileType = wrapper.xcdatamodel; path = XYNHomeSys.xcdatamodel; sourceTree = "<group>"; };
		209CEF6225C167FA00854153 /* Assets.xcassets */ = {isa = PBXFileReference; lastKnownFileType = folder.assetcatalog; path = Assets.xcassets; sourceTree = "<group>"; };
		209CEF6525C167FA00854153 /* Base */ = {isa = PBXFileReference; lastKnownFileType = file.storyboard; name = Base; path = Base.lproj/LaunchScreen.storyboard; sourceTree = "<group>"; };
		209CEF6725C167FA00854153 /* Info.plist */ = {isa = PBXFileReference; lastKnownFileType = text.plist.xml; path = Info.plist; sourceTree = "<group>"; };
		209CEF6825C167FA00854153 /* main.m */ = {isa = PBXFileReference; lastKnownFileType = sourcecode.c.objc; path = main.m; sourceTree = "<group>"; };
		209CEF6E25C167FA00854153 /* XYNHomeSysTests.xctest */ = {isa = PBXFileReference; explicitFileType = wrapper.cfbundle; includeInIndex = 0; path = XYNHomeSysTests.xctest; sourceTree = BUILT_PRODUCTS_DIR; };
		209CEF7225C167FA00854153 /* XYNHomeSysTests.m */ = {isa = PBXFileReference; lastKnownFileType = sourcecode.c.objc; path = XYNHomeSysTests.m; sourceTree = "<group>"; };
		209CEF7425C167FA00854153 /* Info.plist */ = {isa = PBXFileReference; lastKnownFileType = text.plist.xml; path = Info.plist; sourceTree = "<group>"; };
		209CEF7925C167FA00854153 /* XYNHomeSysUITests.xctest */ = {isa = PBXFileReference; explicitFileType = wrapper.cfbundle; includeInIndex = 0; path = XYNHomeSysUITests.xctest; sourceTree = BUILT_PRODUCTS_DIR; };
		209CEF7D25C167FA00854153 /* XYNHomeSysUITests.m */ = {isa = PBXFileReference; lastKnownFileType = sourcecode.c.objc; path = XYNHomeSysUITests.m; sourceTree = "<group>"; };
		209CEF7F25C167FA00854153 /* Info.plist */ = {isa = PBXFileReference; lastKnownFileType = text.plist.xml; path = Info.plist; sourceTree = "<group>"; };
		209CEF9525C168B200854153 /* ThreadViewController.m */ = {isa = PBXFileReference; fileEncoding = 4; lastKnownFileType = sourcecode.c.objc; path = ThreadViewController.m; sourceTree = "<group>"; };
		209CEF9625C168B200854153 /* ThreadViewController.h */ = {isa = PBXFileReference; fileEncoding = 4; lastKnownFileType = sourcecode.c.h; path = ThreadViewController.h; sourceTree = "<group>"; };
		209CEF9725C168B200854153 /* ThreadViewController.xib */ = {isa = PBXFileReference; fileEncoding = 4; lastKnownFileType = file.xib; path = ThreadViewController.xib; sourceTree = "<group>"; };
		209EF84025EB560F0080DF4B /* Toast.h */ = {isa = PBXFileReference; lastKnownFileType = sourcecode.c.h; path = Toast.h; sourceTree = "<group>"; };
		209EF84125EB560F0080DF4B /* Toast.m */ = {isa = PBXFileReference; lastKnownFileType = sourcecode.c.objc; path = Toast.m; sourceTree = "<group>"; };
		20D19EE825EF4152009A475B /* UIView+Toast.h */ = {isa = PBXFileReference; lastKnownFileType = sourcecode.c.h; path = "UIView+Toast.h"; sourceTree = "<group>"; };
		20D19EE925EF4152009A475B /* UIView+Toast.m */ = {isa = PBXFileReference; lastKnownFileType = sourcecode.c.objc; path = "UIView+Toast.m"; sourceTree = "<group>"; };
		20D19EF725EF5014009A475B /* CSToastManager.h */ = {isa = PBXFileReference; lastKnownFileType = sourcecode.c.h; path = CSToastManager.h; sourceTree = "<group>"; };
		20D19EF825EF5014009A475B /* CSToastManager.m */ = {isa = PBXFileReference; lastKnownFileType = sourcecode.c.objc; path = CSToastManager.m; sourceTree = "<group>"; };
		20D19F0625EF50E0009A475B /* CSToastStyle.h */ = {isa = PBXFileReference; lastKnownFileType = sourcecode.c.h; path = CSToastStyle.h; sourceTree = "<group>"; };
		20D19F0725EF50E0009A475B /* CSToastStyle.m */ = {isa = PBXFileReference; lastKnownFileType = sourcecode.c.objc; path = CSToastStyle.m; sourceTree = "<group>"; };
		20D19F0C25F09706009A475B /* XYNTools.h */ = {isa = PBXFileReference; lastKnownFileType = sourcecode.c.h; path = XYNTools.h; sourceTree = "<group>"; };
		20D19F0D25F09706009A475B /* XYNTools.m */ = {isa = PBXFileReference; lastKnownFileType = sourcecode.c.objc; path = XYNTools.m; sourceTree = "<group>"; };
		20D19F1225F109EB009A475B /* XYNUtils.h */ = {isa = PBXFileReference; lastKnownFileType = sourcecode.c.h; path = XYNUtils.h; sourceTree = "<group>"; };
		20D19F1325F109EB009A475B /* XYNUtils.m */ = {isa = PBXFileReference; lastKnownFileType = sourcecode.c.objc; path = XYNUtils.m; sourceTree = "<group>"; };
		4B6E95E90343E620CCC3190C /* Pods-XYNHomeSysTests.debug.xcconfig */ = {isa = PBXFileReference; includeInIndex = 1; lastKnownFileType = text.xcconfig; name = "Pods-XYNHomeSysTests.debug.xcconfig"; path = "Target Support Files/Pods-XYNHomeSysTests/Pods-XYNHomeSysTests.debug.xcconfig"; sourceTree = "<group>"; };
		608EAEBDF65CE6F6B726904B /* Pods-XYNHomeSys-XYNHomeSysUITests.debug.xcconfig */ = {isa = PBXFileReference; includeInIndex = 1; lastKnownFileType = text.xcconfig; name = "Pods-XYNHomeSys-XYNHomeSysUITests.debug.xcconfig"; path = "Target Support Files/Pods-XYNHomeSys-XYNHomeSysUITests/Pods-XYNHomeSys-XYNHomeSysUITests.debug.xcconfig"; sourceTree = "<group>"; };
		66E1629EADDCE1C1ADDAF7E5 /* Pods_XYNHomeSys.framework */ = {isa = PBXFileReference; explicitFileType = wrapper.framework; includeInIndex = 0; path = Pods_XYNHomeSys.framework; sourceTree = BUILT_PRODUCTS_DIR; };
		6C1B9ED6D7B3C6FC9F3A28A8 /* Pods_XYNHomeSys_XYNHomeSysUITests.framework */ = {isa = PBXFileReference; explicitFileType = wrapper.framework; includeInIndex = 0; path = Pods_XYNHomeSys_XYNHomeSysUITests.framework; sourceTree = BUILT_PRODUCTS_DIR; };
		6F291015D4BAA82996E13E48 /* Pods-XYNHomeSys.release.xcconfig */ = {isa = PBXFileReference; includeInIndex = 1; lastKnownFileType = text.xcconfig; name = "Pods-XYNHomeSys.release.xcconfig"; path = "Target Support Files/Pods-XYNHomeSys/Pods-XYNHomeSys.release.xcconfig"; sourceTree = "<group>"; };
		75C2ECC15A8463E53FC1D2CE /* Pods_XYNHomeSysTests.framework */ = {isa = PBXFileReference; explicitFileType = wrapper.framework; includeInIndex = 0; path = Pods_XYNHomeSysTests.framework; sourceTree = BUILT_PRODUCTS_DIR; };
		A777C209F176FC45B4250063 /* Pods-XYNHomeSys-XYNHomeSysUITests.release.xcconfig */ = {isa = PBXFileReference; includeInIndex = 1; lastKnownFileType = text.xcconfig; name = "Pods-XYNHomeSys-XYNHomeSysUITests.release.xcconfig"; path = "Target Support Files/Pods-XYNHomeSys-XYNHomeSysUITests/Pods-XYNHomeSys-XYNHomeSysUITests.release.xcconfig"; sourceTree = "<group>"; };
		FC386407EAC54BC0D3BD84F7 /* Pods-XYNHomeSysTests.release.xcconfig */ = {isa = PBXFileReference; includeInIndex = 1; lastKnownFileType = text.xcconfig; name = "Pods-XYNHomeSysTests.release.xcconfig"; path = "Target Support Files/Pods-XYNHomeSysTests/Pods-XYNHomeSysTests.release.xcconfig"; sourceTree = "<group>"; };
/* End PBXFileReference section */

/* Begin PBXFrameworksBuildPhase section */
		209CEF4D25C167FA00854153 /* Frameworks */ = {
			isa = PBXFrameworksBuildPhase;
			buildActionMask = 2147483647;
			files = (
				20CF387825F1E6A2002DEA90 /* Pods_XYNHomeSys.framework in Frameworks */,
			);
			runOnlyForDeploymentPostprocessing = 0;
		};
		209CEF6B25C167FA00854153 /* Frameworks */ = {
			isa = PBXFrameworksBuildPhase;
			buildActionMask = 2147483647;
			files = (
				3FAA8F7DC0E9AEB3D2ABA44A /* Pods_XYNHomeSysTests.framework in Frameworks */,
			);
			runOnlyForDeploymentPostprocessing = 0;
		};
		209CEF7625C167FA00854153 /* Frameworks */ = {
			isa = PBXFrameworksBuildPhase;
			buildActionMask = 2147483647;
			files = (
				3FE5554B73AB374D6D70B20D /* Pods_XYNHomeSys_XYNHomeSysUITests.framework in Frameworks */,
			);
			runOnlyForDeploymentPostprocessing = 0;
		};
/* End PBXFrameworksBuildPhase section */

/* Begin PBXGroup section */
		2008FCD525E4D21F0028C611 /* Base */ = {
			isa = PBXGroup;
			children = (
				2008FCD625E4D2320028C611 /* GMTableViewProtocol.h */,
				2008FCD725E4D2320028C611 /* GMTableViewProtocol.m */,
				2008FCDC25E4D2A40028C611 /* GMTableViewDelegate.h */,
				2008FCDD25E4D2A40028C611 /* GMTableViewDelegate.m */,
			);
			path = Base;
			sourceTree = "<group>";
		};
		2010EEBD25DE7D4C0084D1A8 /* Net */ = {
			isa = PBXGroup;
			children = (
				2010EEBE25DE7D7C0084D1A8 /* AFNetViewController.h */,
				2010EEBF25DE7D7C0084D1A8 /* AFNetViewController.m */,
				2010EEC025DE7D7C0084D1A8 /* AFNetViewController.xib */,
			);
			path = Net;
			sourceTree = "<group>";
		};
		2010EEC925DF69D90084D1A8 /* KVOKVC */ = {
			isa = PBXGroup;
			children = (
				2010EEDE25DFC6DE0084D1A8 /* Package */,
				2010EECA25DF6A100084D1A8 /* KvocViewController.h */,
				2010EECB25DF6A100084D1A8 /* KvocViewController.m */,
				2010EECC25DF6A100084D1A8 /* KvocViewController.xib */,
				2010EED225DF6B520084D1A8 /* BankObject.h */,
				2010EED325DF6B520084D1A8 /* BankObject.m */,
				2010EEEA25E0BED50084D1A8 /* KVCObject.h */,
				2010EEEB25E0BED50084D1A8 /* KVCObject.m */,
			);
			path = KVOKVC;
			sourceTree = "<group>";
		};
		2010EEDE25DFC6DE0084D1A8 /* Package */ = {
			isa = PBXGroup;
			children = (
			);
			path = Package;
			sourceTree = "<group>";
		};
		2010EEF025E103E20084D1A8 /* Base */ = {
			isa = PBXGroup;
			children = (
				203DC7A825F1E97700745FC6 /* XYNToast */,
				2010EEF125E103F90084D1A8 /* XYNLog.h */,
				2010EEF225E103F90084D1A8 /* XYNLog.m */,
				2095AF4925E4A228003FF5A6 /* XYNHeader.h */,
				2095AF4A25E4A273003FF5A6 /* PrefixHeader.pch */,
				2078E72725E4E0250080E572 /* UIView+Frame.h */,
				2078E72825E4E0250080E572 /* UIView+Frame.m */,
				209EF84025EB560F0080DF4B /* Toast.h */,
				209EF84125EB560F0080DF4B /* Toast.m */,
				20D19EE825EF4152009A475B /* UIView+Toast.h */,
				20D19EE925EF4152009A475B /* UIView+Toast.m */,
				20D19EF725EF5014009A475B /* CSToastManager.h */,
				20D19EF825EF5014009A475B /* CSToastManager.m */,
				20D19F0625EF50E0009A475B /* CSToastStyle.h */,
				20D19F0725EF50E0009A475B /* CSToastStyle.m */,
				20D19F0C25F09706009A475B /* XYNTools.h */,
				20D19F0D25F09706009A475B /* XYNTools.m */,
				20D19F1225F109EB009A475B /* XYNUtils.h */,
				20D19F1325F109EB009A475B /* XYNUtils.m */,
			);
			path = Base;
			sourceTree = "<group>";
		};
		2010EF0525E3E0010084D1A8 /* CustomView */ = {
			isa = PBXGroup;
			children = (
				2078E77E25E8C4E50080E572 /* UIAlertView$AlertSheet */,
				2095AF3D25E49F34003FF5A6 /* TableView */,
			);
			path = CustomView;
			sourceTree = "<group>";
		};
		2024837525F52919007B083C /* Scoket */ = {
			isa = PBXGroup;
			children = (
				2024837725F52952007B083C /* ScoketViewController.h */,
				2024837825F52952007B083C /* ScoketViewController.m */,
				2024837625F52952007B083C /* ScoketViewController.xib */,
				2024837E25F52A7C007B083C /* GCDSocketManager.h */,
				2024837F25F52A7C007B083C /* GCDSocketManager.m */,
				2031C23C25F5CBFD001A5DE2 /* RocketSocketManager.h */,
				2031C23D25F5CBFD001A5DE2 /* RocketSocketManager.m */,
				2031C24225F608D1001A5DE2 /* MQTTManager.h */,
				2031C24325F608D1001A5DE2 /* MQTTManager.m */,
			);
			path = Scoket;
			sourceTree = "<group>";
		};
		203DC7A825F1E97700745FC6 /* XYNToast */ = {
			isa = PBXGroup;
			children = (
				203DC7AA25F1E97700745FC6 /* XYNToastManager.h */,
				203DC7A925F1E97700745FC6 /* XYNToastManager.m */,
				2024836125F21968007B083C /* XYNToastView.h */,
				2024836225F21968007B083C /* XYNToastView.m */,
				2024836725F21B5C007B083C /* XYNToastDefaultView.h */,
				2024836825F21B5C007B083C /* XYNToastDefaultView.m */,
			);
			path = XYNToast;
			sourceTree = "<group>";
		};
		2078E74525E67CBE0080E572 /* Map */ = {
			isa = PBXGroup;
			children = (
				2078E74625E67CD10080E572 /* Base */,
			);
			path = Map;
			sourceTree = "<group>";
		};
		2078E74625E67CD10080E572 /* Base */ = {
			isa = PBXGroup;
			children = (
				208365AE25EF2CA8006AF9A5 /* GDMap */,
				2078E76E25E78BE60080E572 /* MKMap */,
			);
			path = Base;
			sourceTree = "<group>";
		};
		2078E76E25E78BE60080E572 /* MKMap */ = {
			isa = PBXGroup;
			children = (
				208365A425EF2C8C006AF9A5 /* MapViewController.h */,
				208365A325EF2C8C006AF9A5 /* MapViewController.m */,
				208365A525EF2C8C006AF9A5 /* MapViewController.xib */,
				208365A725EF2C8C006AF9A5 /* XYNAnnotation.h */,
				208365A625EF2C8C006AF9A5 /* XYNAnnotation.m */,
			);
			path = MKMap;
			sourceTree = "<group>";
		};
		2078E77E25E8C4E50080E572 /* UIAlertView$AlertSheet */ = {
			isa = PBXGroup;
			children = (
				2078E77F25E8C5210080E572 /* AlertViewController.h */,
				2078E78025E8C5210080E572 /* AlertViewController.m */,
				2078E78125E8C5210080E572 /* AlertViewController.xib */,
			);
			path = UIAlertView$AlertSheet;
			sourceTree = "<group>";
		};
		208365AE25EF2CA8006AF9A5 /* GDMap */ = {
			isa = PBXGroup;
			children = (
				208365AF25EF2D1E006AF9A5 /* GDMapViewController.h */,
				208365B025EF2D1E006AF9A5 /* GDMapViewController.m */,
				208365B125EF2D1E006AF9A5 /* GDMapViewController.xib */,
			);
			path = GDMap;
			sourceTree = "<group>";
		};
		2095AF3D25E49F34003FF5A6 /* TableView */ = {
			isa = PBXGroup;
			children = (
				2008FCD525E4D21F0028C611 /* Base */,
				2095AF4125E49F55003FF5A6 /* TableViewController.h */,
				2095AF4225E49F55003FF5A6 /* TableViewController.m */,
				2095AF4325E49F55003FF5A6 /* TableViewController.xib */,
				2095AF6225E4B39D003FF5A6 /* FirstModel.h */,
				2095AF6325E4B39D003FF5A6 /* FirstModel.m */,
				2095AF6E25E4C2B0003FF5A6 /* FirstCell.h */,
				2095AF6F25E4C2B0003FF5A6 /* FirstCell.m */,
				2095AF7025E4C2B0003FF5A6 /* FirstCell.xib */,
			);
			path = TableView;
			sourceTree = "<group>";
		};
		209CEF4725C167FA00854153 = {
			isa = PBXGroup;
			children = (
				209CEF5225C167FA00854153 /* XYNHomeSys */,
				209CEF7125C167FA00854153 /* XYNHomeSysTests */,
				209CEF7C25C167FA00854153 /* XYNHomeSysUITests */,
				209CEF5125C167FA00854153 /* Products */,
				E8DD829980DB9A33FDF5E5CC /* Pods */,
				95A61EA56EC533D9CCA2D501 /* Frameworks */,
			);
			sourceTree = "<group>";
		};
		209CEF5125C167FA00854153 /* Products */ = {
			isa = PBXGroup;
			children = (
				209CEF5025C167FA00854153 /* XYNHomeSys.app */,
				209CEF6E25C167FA00854153 /* XYNHomeSysTests.xctest */,
				209CEF7925C167FA00854153 /* XYNHomeSysUITests.xctest */,
			);
			name = Products;
			sourceTree = "<group>";
		};
		209CEF5225C167FA00854153 /* XYNHomeSys */ = {
			isa = PBXGroup;
			children = (
				2024837525F52919007B083C /* Scoket */,
				2078E74525E67CBE0080E572 /* Map */,
				2010EF0525E3E0010084D1A8 /* CustomView */,
				2010EEF025E103E20084D1A8 /* Base */,
				2010EEC925DF69D90084D1A8 /* KVOKVC */,
				2010EEBD25DE7D4C0084D1A8 /* Net */,
				209CEF9125C1684B00854153 /* Thread */,
				209CEF5325C167FA00854153 /* AppDelegate.h */,
				209CEF5425C167FA00854153 /* AppDelegate.m */,
				209CEF5625C167FA00854153 /* SceneDelegate.h */,
				209CEF5725C167FA00854153 /* SceneDelegate.m */,
				209CEF5925C167FA00854153 /* ViewController.h */,
				209CEF5A25C167FA00854153 /* ViewController.m */,
				209CEF5C25C167FA00854153 /* Main.storyboard */,
				209CEF6225C167FA00854153 /* Assets.xcassets */,
				209CEF6425C167FA00854153 /* LaunchScreen.storyboard */,
				209CEF6725C167FA00854153 /* Info.plist */,
				209CEF6825C167FA00854153 /* main.m */,
				209CEF5F25C167FA00854153 /* XYNHomeSys.xcdatamodeld */,
			);
			path = XYNHomeSys;
			sourceTree = "<group>";
		};
		209CEF7125C167FA00854153 /* XYNHomeSysTests */ = {
			isa = PBXGroup;
			children = (
				209CEF7225C167FA00854153 /* XYNHomeSysTests.m */,
				209CEF7425C167FA00854153 /* Info.plist */,
			);
			path = XYNHomeSysTests;
			sourceTree = "<group>";
		};
		209CEF7C25C167FA00854153 /* XYNHomeSysUITests */ = {
			isa = PBXGroup;
			children = (
				209CEF7D25C167FA00854153 /* XYNHomeSysUITests.m */,
				209CEF7F25C167FA00854153 /* Info.plist */,
			);
			path = XYNHomeSysUITests;
			sourceTree = "<group>";
		};
		209CEF9125C1684B00854153 /* Thread */ = {
			isa = PBXGroup;
			children = (
				209CEF9625C168B200854153 /* ThreadViewController.h */,
				209CEF9525C168B200854153 /* ThreadViewController.m */,
				209CEF9725C168B200854153 /* ThreadViewController.xib */,
				2083659525EE3BFC006AF9A5 /* LockViewController.h */,
				2083659625EE3BFC006AF9A5 /* LockViewController.m */,
			);
			path = Thread;
			sourceTree = "<group>";
		};
		95A61EA56EC533D9CCA2D501 /* Frameworks */ = {
			isa = PBXGroup;
			children = (
				66E1629EADDCE1C1ADDAF7E5 /* Pods_XYNHomeSys.framework */,
				6C1B9ED6D7B3C6FC9F3A28A8 /* Pods_XYNHomeSys_XYNHomeSysUITests.framework */,
				75C2ECC15A8463E53FC1D2CE /* Pods_XYNHomeSysTests.framework */,
			);
			name = Frameworks;
			sourceTree = "<group>";
		};
		E8DD829980DB9A33FDF5E5CC /* Pods */ = {
			isa = PBXGroup;
			children = (
				0A4120EEB5D5690A94C79E4B /* Pods-XYNHomeSys.debug.xcconfig */,
				6F291015D4BAA82996E13E48 /* Pods-XYNHomeSys.release.xcconfig */,
				608EAEBDF65CE6F6B726904B /* Pods-XYNHomeSys-XYNHomeSysUITests.debug.xcconfig */,
				A777C209F176FC45B4250063 /* Pods-XYNHomeSys-XYNHomeSysUITests.release.xcconfig */,
				4B6E95E90343E620CCC3190C /* Pods-XYNHomeSysTests.debug.xcconfig */,
				FC386407EAC54BC0D3BD84F7 /* Pods-XYNHomeSysTests.release.xcconfig */,
			);
			path = Pods;
			sourceTree = "<group>";
		};
/* End PBXGroup section */

/* Begin PBXNativeTarget section */
		209CEF4F25C167FA00854153 /* XYNHomeSys */ = {
			isa = PBXNativeTarget;
			buildConfigurationList = 209CEF8225C167FA00854153 /* Build configuration list for PBXNativeTarget "XYNHomeSys" */;
			buildPhases = (
				9A64307E5165F8FE9DD10089 /* [CP] Check Pods Manifest.lock */,
				209CEF4C25C167FA00854153 /* Sources */,
				209CEF4D25C167FA00854153 /* Frameworks */,
				209CEF4E25C167FA00854153 /* Resources */,
				4DA848C44E7B682FE5487DAD /* [CP] Embed Pods Frameworks */,
				49C26B7467E9573220A20C57 /* [CP] Copy Pods Resources */,
			);
			buildRules = (
			);
			dependencies = (
			);
			name = XYNHomeSys;
			productName = XYNHomeSys;
			productReference = 209CEF5025C167FA00854153 /* XYNHomeSys.app */;
			productType = "com.apple.product-type.application";
		};
		209CEF6D25C167FA00854153 /* XYNHomeSysTests */ = {
			isa = PBXNativeTarget;
			buildConfigurationList = 209CEF8525C167FA00854153 /* Build configuration list for PBXNativeTarget "XYNHomeSysTests" */;
			buildPhases = (
				C5B34E6B76A9D1391C414207 /* [CP] Check Pods Manifest.lock */,
				209CEF6A25C167FA00854153 /* Sources */,
				209CEF6B25C167FA00854153 /* Frameworks */,
				209CEF6C25C167FA00854153 /* Resources */,
			);
			buildRules = (
			);
			dependencies = (
				209CEF7025C167FA00854153 /* PBXTargetDependency */,
			);
			name = XYNHomeSysTests;
			productName = XYNHomeSysTests;
			productReference = 209CEF6E25C167FA00854153 /* XYNHomeSysTests.xctest */;
			productType = "com.apple.product-type.bundle.unit-test";
		};
		209CEF7825C167FA00854153 /* XYNHomeSysUITests */ = {
			isa = PBXNativeTarget;
			buildConfigurationList = 209CEF8825C167FA00854153 /* Build configuration list for PBXNativeTarget "XYNHomeSysUITests" */;
			buildPhases = (
				D0D88F91DD5C84381955D6E4 /* [CP] Check Pods Manifest.lock */,
				209CEF7525C167FA00854153 /* Sources */,
				209CEF7625C167FA00854153 /* Frameworks */,
				209CEF7725C167FA00854153 /* Resources */,
				B6B83E860AAC40D7AA37E4AE /* [CP] Embed Pods Frameworks */,
				E24BA2064D77DCC101D85F90 /* [CP] Copy Pods Resources */,
			);
			buildRules = (
			);
			dependencies = (
				209CEF7B25C167FA00854153 /* PBXTargetDependency */,
			);
			name = XYNHomeSysUITests;
			productName = XYNHomeSysUITests;
			productReference = 209CEF7925C167FA00854153 /* XYNHomeSysUITests.xctest */;
			productType = "com.apple.product-type.bundle.ui-testing";
		};
/* End PBXNativeTarget section */

/* Begin PBXProject section */
		209CEF4825C167FA00854153 /* Project object */ = {
			isa = PBXProject;
			attributes = {
				LastUpgradeCheck = 1230;
				TargetAttributes = {
					209CEF4F25C167FA00854153 = {
						CreatedOnToolsVersion = 12.3;
					};
					209CEF6D25C167FA00854153 = {
						CreatedOnToolsVersion = 12.3;
						TestTargetID = 209CEF4F25C167FA00854153;
					};
					209CEF7825C167FA00854153 = {
						CreatedOnToolsVersion = 12.3;
						TestTargetID = 209CEF4F25C167FA00854153;
					};
				};
			};
			buildConfigurationList = 209CEF4B25C167FA00854153 /* Build configuration list for PBXProject "XYNHomeSys" */;
			compatibilityVersion = "Xcode 9.3";
			developmentRegion = en;
			hasScannedForEncodings = 0;
			knownRegions = (
				en,
				Base,
			);
			mainGroup = 209CEF4725C167FA00854153;
			productRefGroup = 209CEF5125C167FA00854153 /* Products */;
			projectDirPath = "";
			projectRoot = "";
			targets = (
				209CEF4F25C167FA00854153 /* XYNHomeSys */,
				209CEF6D25C167FA00854153 /* XYNHomeSysTests */,
				209CEF7825C167FA00854153 /* XYNHomeSysUITests */,
			);
		};
/* End PBXProject section */

/* Begin PBXResourcesBuildPhase section */
		209CEF4E25C167FA00854153 /* Resources */ = {
			isa = PBXResourcesBuildPhase;
			buildActionMask = 2147483647;
			files = (
				2010EEC225DE7D7C0084D1A8 /* AFNetViewController.xib in Resources */,
				2010EECE25DF6A100084D1A8 /* KvocViewController.xib in Resources */,
				209CEF9925C168B200854153 /* ThreadViewController.xib in Resources */,
				208365A925EF2C8C006AF9A5 /* MapViewController.xib in Resources */,
				209CEF6625C167FA00854153 /* LaunchScreen.storyboard in Resources */,
				209CEF6325C167FA00854153 /* Assets.xcassets in Resources */,
				209CEF5E25C167FA00854153 /* Main.storyboard in Resources */,
				2095AF7225E4C2B0003FF5A6 /* FirstCell.xib in Resources */,
				208365B325EF2D1E006AF9A5 /* GDMapViewController.xib in Resources */,
				2024837925F52952007B083C /* ScoketViewController.xib in Resources */,
				2095AF4525E49F55003FF5A6 /* TableViewController.xib in Resources */,
				2078E78325E8C5210080E572 /* AlertViewController.xib in Resources */,
			);
			runOnlyForDeploymentPostprocessing = 0;
		};
		209CEF6C25C167FA00854153 /* Resources */ = {
			isa = PBXResourcesBuildPhase;
			buildActionMask = 2147483647;
			files = (
			);
			runOnlyForDeploymentPostprocessing = 0;
		};
		209CEF7725C167FA00854153 /* Resources */ = {
			isa = PBXResourcesBuildPhase;
			buildActionMask = 2147483647;
			files = (
			);
			runOnlyForDeploymentPostprocessing = 0;
		};
/* End PBXResourcesBuildPhase section */

/* Begin PBXShellScriptBuildPhase section */
		49C26B7467E9573220A20C57 /* [CP] Copy Pods Resources */ = {
			isa = PBXShellScriptBuildPhase;
			buildActionMask = 2147483647;
			files = (
			);
			inputFileListPaths = (
				"${PODS_ROOT}/Target Support Files/Pods-XYNHomeSys/Pods-XYNHomeSys-resources-${CONFIGURATION}-input-files.xcfilelist",
			);
			name = "[CP] Copy Pods Resources";
			outputFileListPaths = (
				"${PODS_ROOT}/Target Support Files/Pods-XYNHomeSys/Pods-XYNHomeSys-resources-${CONFIGURATION}-output-files.xcfilelist",
			);
			runOnlyForDeploymentPostprocessing = 0;
			shellPath = /bin/sh;
			shellScript = "\"${PODS_ROOT}/Target Support Files/Pods-XYNHomeSys/Pods-XYNHomeSys-resources.sh\"\n";
			showEnvVarsInLog = 0;
		};
		4DA848C44E7B682FE5487DAD /* [CP] Embed Pods Frameworks */ = {
			isa = PBXShellScriptBuildPhase;
			buildActionMask = 2147483647;
			files = (
			);
			inputFileListPaths = (
				"${PODS_ROOT}/Target Support Files/Pods-XYNHomeSys/Pods-XYNHomeSys-frameworks-${CONFIGURATION}-input-files.xcfilelist",
			);
			name = "[CP] Embed Pods Frameworks";
			outputFileListPaths = (
				"${PODS_ROOT}/Target Support Files/Pods-XYNHomeSys/Pods-XYNHomeSys-frameworks-${CONFIGURATION}-output-files.xcfilelist",
			);
			runOnlyForDeploymentPostprocessing = 0;
			shellPath = /bin/sh;
			shellScript = "\"${PODS_ROOT}/Target Support Files/Pods-XYNHomeSys/Pods-XYNHomeSys-frameworks.sh\"\n";
			showEnvVarsInLog = 0;
		};
		9A64307E5165F8FE9DD10089 /* [CP] Check Pods Manifest.lock */ = {
			isa = PBXShellScriptBuildPhase;
			buildActionMask = 2147483647;
			files = (
			);
			inputFileListPaths = (
			);
			inputPaths = (
				"${PODS_PODFILE_DIR_PATH}/Podfile.lock",
				"${PODS_ROOT}/Manifest.lock",
			);
			name = "[CP] Check Pods Manifest.lock";
			outputFileListPaths = (
			);
			outputPaths = (
				"$(DERIVED_FILE_DIR)/Pods-XYNHomeSys-checkManifestLockResult.txt",
			);
			runOnlyForDeploymentPostprocessing = 0;
			shellPath = /bin/sh;
			shellScript = "diff \"${PODS_PODFILE_DIR_PATH}/Podfile.lock\" \"${PODS_ROOT}/Manifest.lock\" > /dev/null\nif [ $? != 0 ] ; then\n    # print error to STDERR\n    echo \"error: The sandbox is not in sync with the Podfile.lock. Run 'pod install' or update your CocoaPods installation.\" >&2\n    exit 1\nfi\n# This output is used by Xcode 'outputs' to avoid re-running this script phase.\necho \"SUCCESS\" > \"${SCRIPT_OUTPUT_FILE_0}\"\n";
			showEnvVarsInLog = 0;
		};
		B6B83E860AAC40D7AA37E4AE /* [CP] Embed Pods Frameworks */ = {
			isa = PBXShellScriptBuildPhase;
			buildActionMask = 2147483647;
			files = (
			);
			inputFileListPaths = (
				"${PODS_ROOT}/Target Support Files/Pods-XYNHomeSys-XYNHomeSysUITests/Pods-XYNHomeSys-XYNHomeSysUITests-frameworks-${CONFIGURATION}-input-files.xcfilelist",
			);
			name = "[CP] Embed Pods Frameworks";
			outputFileListPaths = (
				"${PODS_ROOT}/Target Support Files/Pods-XYNHomeSys-XYNHomeSysUITests/Pods-XYNHomeSys-XYNHomeSysUITests-frameworks-${CONFIGURATION}-output-files.xcfilelist",
			);
			runOnlyForDeploymentPostprocessing = 0;
			shellPath = /bin/sh;
			shellScript = "\"${PODS_ROOT}/Target Support Files/Pods-XYNHomeSys-XYNHomeSysUITests/Pods-XYNHomeSys-XYNHomeSysUITests-frameworks.sh\"\n";
			showEnvVarsInLog = 0;
		};
		C5B34E6B76A9D1391C414207 /* [CP] Check Pods Manifest.lock */ = {
			isa = PBXShellScriptBuildPhase;
			buildActionMask = 2147483647;
			files = (
			);
			inputFileListPaths = (
			);
			inputPaths = (
				"${PODS_PODFILE_DIR_PATH}/Podfile.lock",
				"${PODS_ROOT}/Manifest.lock",
			);
			name = "[CP] Check Pods Manifest.lock";
			outputFileListPaths = (
			);
			outputPaths = (
				"$(DERIVED_FILE_DIR)/Pods-XYNHomeSysTests-checkManifestLockResult.txt",
			);
			runOnlyForDeploymentPostprocessing = 0;
			shellPath = /bin/sh;
			shellScript = "diff \"${PODS_PODFILE_DIR_PATH}/Podfile.lock\" \"${PODS_ROOT}/Manifest.lock\" > /dev/null\nif [ $? != 0 ] ; then\n    # print error to STDERR\n    echo \"error: The sandbox is not in sync with the Podfile.lock. Run 'pod install' or update your CocoaPods installation.\" >&2\n    exit 1\nfi\n# This output is used by Xcode 'outputs' to avoid re-running this script phase.\necho \"SUCCESS\" > \"${SCRIPT_OUTPUT_FILE_0}\"\n";
			showEnvVarsInLog = 0;
		};
		D0D88F91DD5C84381955D6E4 /* [CP] Check Pods Manifest.lock */ = {
			isa = PBXShellScriptBuildPhase;
			buildActionMask = 2147483647;
			files = (
			);
			inputFileListPaths = (
			);
			inputPaths = (
				"${PODS_PODFILE_DIR_PATH}/Podfile.lock",
				"${PODS_ROOT}/Manifest.lock",
			);
			name = "[CP] Check Pods Manifest.lock";
			outputFileListPaths = (
			);
			outputPaths = (
				"$(DERIVED_FILE_DIR)/Pods-XYNHomeSys-XYNHomeSysUITests-checkManifestLockResult.txt",
			);
			runOnlyForDeploymentPostprocessing = 0;
			shellPath = /bin/sh;
			shellScript = "diff \"${PODS_PODFILE_DIR_PATH}/Podfile.lock\" \"${PODS_ROOT}/Manifest.lock\" > /dev/null\nif [ $? != 0 ] ; then\n    # print error to STDERR\n    echo \"error: The sandbox is not in sync with the Podfile.lock. Run 'pod install' or update your CocoaPods installation.\" >&2\n    exit 1\nfi\n# This output is used by Xcode 'outputs' to avoid re-running this script phase.\necho \"SUCCESS\" > \"${SCRIPT_OUTPUT_FILE_0}\"\n";
			showEnvVarsInLog = 0;
		};
		E24BA2064D77DCC101D85F90 /* [CP] Copy Pods Resources */ = {
			isa = PBXShellScriptBuildPhase;
			buildActionMask = 2147483647;
			files = (
			);
			inputFileListPaths = (
				"${PODS_ROOT}/Target Support Files/Pods-XYNHomeSys-XYNHomeSysUITests/Pods-XYNHomeSys-XYNHomeSysUITests-resources-${CONFIGURATION}-input-files.xcfilelist",
			);
			name = "[CP] Copy Pods Resources";
			outputFileListPaths = (
				"${PODS_ROOT}/Target Support Files/Pods-XYNHomeSys-XYNHomeSysUITests/Pods-XYNHomeSys-XYNHomeSysUITests-resources-${CONFIGURATION}-output-files.xcfilelist",
			);
			runOnlyForDeploymentPostprocessing = 0;
			shellPath = /bin/sh;
			shellScript = "\"${PODS_ROOT}/Target Support Files/Pods-XYNHomeSys-XYNHomeSysUITests/Pods-XYNHomeSys-XYNHomeSysUITests-resources.sh\"\n";
			showEnvVarsInLog = 0;
		};
/* End PBXShellScriptBuildPhase section */

/* Begin PBXSourcesBuildPhase section */
		209CEF4C25C167FA00854153 /* Sources */ = {
			isa = PBXSourcesBuildPhase;
			buildActionMask = 2147483647;
			files = (
				20D19EEA25EF4152009A475B /* UIView+Toast.m in Sources */,
				20D19F1425F109EB009A475B /* XYNUtils.m in Sources */,
				2010EED425DF6B520084D1A8 /* BankObject.m in Sources */,
				209CEF9825C168B200854153 /* ThreadViewController.m in Sources */,
				2008FCDE25E4D2A40028C611 /* GMTableViewDelegate.m in Sources */,
				2010EECD25DF6A100084D1A8 /* KvocViewController.m in Sources */,
				209EF84225EB560F0080DF4B /* Toast.m in Sources */,
				2083659825EE3BFC006AF9A5 /* LockViewController.m in Sources */,
				208365A825EF2C8C006AF9A5 /* MapViewController.m in Sources */,
				203DC7AB25F1E97700745FC6 /* XYNToastManager.m in Sources */,
				2078E78225E8C5210080E572 /* AlertViewController.m in Sources */,
				2024838025F52A7C007B083C /* GCDSocketManager.m in Sources */,
				2010EEF325E103F90084D1A8 /* XYNLog.m in Sources */,
				2010EEEC25E0BED50084D1A8 /* KVCObject.m in Sources */,
				209CEF6925C167FA00854153 /* main.m in Sources */,
				209CEF5B25C167FA00854153 /* ViewController.m in Sources */,
				20D19F0E25F09706009A475B /* XYNTools.m in Sources */,
				2095AF4425E49F55003FF5A6 /* TableViewController.m in Sources */,
				2095AF6425E4B39D003FF5A6 /* FirstModel.m in Sources */,
				209CEF5525C167FA00854153 /* AppDelegate.m in Sources */,
				2031C23E25F5CBFD001A5DE2 /* RocketSocketManager.m in Sources */,
				2008FCD825E4D2320028C611 /* GMTableViewProtocol.m in Sources */,
				209CEF6125C167FA00854153 /* XYNHomeSys.xcdatamodeld in Sources */,
				2010EEC125DE7D7C0084D1A8 /* AFNetViewController.m in Sources */,
				2024836325F21968007B083C /* XYNToastView.m in Sources */,
				20D19EF925EF5014009A475B /* CSToastManager.m in Sources */,
				2031C24425F608D1001A5DE2 /* MQTTManager.m in Sources */,
				2024836925F21B5C007B083C /* XYNToastDefaultView.m in Sources */,
				2024837A25F52952007B083C /* ScoketViewController.m in Sources */,
				208365AA25EF2C8C006AF9A5 /* XYNAnnotation.m in Sources */,
				208365B225EF2D1E006AF9A5 /* GDMapViewController.m in Sources */,
				2078E72925E4E0250080E572 /* UIView+Frame.m in Sources */,
				20D19F0825EF50E0009A475B /* CSToastStyle.m in Sources */,
				2095AF7125E4C2B0003FF5A6 /* FirstCell.m in Sources */,
				209CEF5825C167FA00854153 /* SceneDelegate.m in Sources */,
			);
			runOnlyForDeploymentPostprocessing = 0;
		};
		209CEF6A25C167FA00854153 /* Sources */ = {
			isa = PBXSourcesBuildPhase;
			buildActionMask = 2147483647;
			files = (
				209CEF7325C167FA00854153 /* XYNHomeSysTests.m in Sources */,
			);
			runOnlyForDeploymentPostprocessing = 0;
		};
		209CEF7525C167FA00854153 /* Sources */ = {
			isa = PBXSourcesBuildPhase;
			buildActionMask = 2147483647;
			files = (
				209CEF7E25C167FA00854153 /* XYNHomeSysUITests.m in Sources */,
			);
			runOnlyForDeploymentPostprocessing = 0;
		};
/* End PBXSourcesBuildPhase section */

/* Begin PBXTargetDependency section */
		209CEF7025C167FA00854153 /* PBXTargetDependency */ = {
			isa = PBXTargetDependency;
			target = 209CEF4F25C167FA00854153 /* XYNHomeSys */;
			targetProxy = 209CEF6F25C167FA00854153 /* PBXContainerItemProxy */;
		};
		209CEF7B25C167FA00854153 /* PBXTargetDependency */ = {
			isa = PBXTargetDependency;
			target = 209CEF4F25C167FA00854153 /* XYNHomeSys */;
			targetProxy = 209CEF7A25C167FA00854153 /* PBXContainerItemProxy */;
		};
/* End PBXTargetDependency section */

/* Begin PBXVariantGroup section */
		209CEF5C25C167FA00854153 /* Main.storyboard */ = {
			isa = PBXVariantGroup;
			children = (
				209CEF5D25C167FA00854153 /* Base */,
			);
			name = Main.storyboard;
			sourceTree = "<group>";
		};
		209CEF6425C167FA00854153 /* LaunchScreen.storyboard */ = {
			isa = PBXVariantGroup;
			children = (
				209CEF6525C167FA00854153 /* Base */,
			);
			name = LaunchScreen.storyboard;
			sourceTree = "<group>";
		};
/* End PBXVariantGroup section */

/* Begin XCBuildConfiguration section */
		209CEF8025C167FA00854153 /* Debug */ = {
			isa = XCBuildConfiguration;
			buildSettings = {
				ALWAYS_SEARCH_USER_PATHS = NO;
				CLANG_ANALYZER_NONNULL = YES;
				CLANG_ANALYZER_NUMBER_OBJECT_CONVERSION = YES_AGGRESSIVE;
				CLANG_CXX_LANGUAGE_STANDARD = "gnu++14";
				CLANG_CXX_LIBRARY = "libc++";
				CLANG_ENABLE_MODULES = YES;
				CLANG_ENABLE_OBJC_ARC = YES;
				CLANG_ENABLE_OBJC_WEAK = YES;
				CLANG_WARN_BLOCK_CAPTURE_AUTORELEASING = YES;
				CLANG_WARN_BOOL_CONVERSION = YES;
				CLANG_WARN_COMMA = YES;
				CLANG_WARN_CONSTANT_CONVERSION = YES;
				CLANG_WARN_DEPRECATED_OBJC_IMPLEMENTATIONS = YES;
				CLANG_WARN_DIRECT_OBJC_ISA_USAGE = YES_ERROR;
				CLANG_WARN_DOCUMENTATION_COMMENTS = YES;
				CLANG_WARN_EMPTY_BODY = YES;
				CLANG_WARN_ENUM_CONVERSION = YES;
				CLANG_WARN_INFINITE_RECURSION = YES;
				CLANG_WARN_INT_CONVERSION = YES;
				CLANG_WARN_NON_LITERAL_NULL_CONVERSION = YES;
				CLANG_WARN_OBJC_IMPLICIT_RETAIN_SELF = YES;
				CLANG_WARN_OBJC_LITERAL_CONVERSION = YES;
				CLANG_WARN_OBJC_ROOT_CLASS = YES_ERROR;
				CLANG_WARN_QUOTED_INCLUDE_IN_FRAMEWORK_HEADER = YES;
				CLANG_WARN_RANGE_LOOP_ANALYSIS = YES;
				CLANG_WARN_STRICT_PROTOTYPES = YES;
				CLANG_WARN_SUSPICIOUS_MOVE = YES;
				CLANG_WARN_UNGUARDED_AVAILABILITY = YES_AGGRESSIVE;
				CLANG_WARN_UNREACHABLE_CODE = YES;
				CLANG_WARN__DUPLICATE_METHOD_MATCH = YES;
				COPY_PHASE_STRIP = NO;
				DEBUG_INFORMATION_FORMAT = dwarf;
				ENABLE_STRICT_OBJC_MSGSEND = YES;
				ENABLE_TESTABILITY = YES;
				GCC_C_LANGUAGE_STANDARD = gnu11;
				GCC_DYNAMIC_NO_PIC = NO;
				GCC_NO_COMMON_BLOCKS = YES;
				GCC_OPTIMIZATION_LEVEL = 0;
				GCC_PREPROCESSOR_DEFINITIONS = (
					"DEBUG=1",
					"$(inherited)",
				);
				GCC_WARN_64_TO_32_BIT_CONVERSION = YES;
				GCC_WARN_ABOUT_RETURN_TYPE = YES_ERROR;
				GCC_WARN_UNDECLARED_SELECTOR = YES;
				GCC_WARN_UNINITIALIZED_AUTOS = YES_AGGRESSIVE;
				GCC_WARN_UNUSED_FUNCTION = YES;
				GCC_WARN_UNUSED_VARIABLE = YES;
				IPHONEOS_DEPLOYMENT_TARGET = 14.3;
				MTL_ENABLE_DEBUG_INFO = INCLUDE_SOURCE;
				MTL_FAST_MATH = YES;
				ONLY_ACTIVE_ARCH = YES;
				SDKROOT = iphoneos;
			};
			name = Debug;
		};
		209CEF8125C167FA00854153 /* Release */ = {
			isa = XCBuildConfiguration;
			buildSettings = {
				ALWAYS_SEARCH_USER_PATHS = NO;
				CLANG_ANALYZER_NONNULL = YES;
				CLANG_ANALYZER_NUMBER_OBJECT_CONVERSION = YES_AGGRESSIVE;
				CLANG_CXX_LANGUAGE_STANDARD = "gnu++14";
				CLANG_CXX_LIBRARY = "libc++";
				CLANG_ENABLE_MODULES = YES;
				CLANG_ENABLE_OBJC_ARC = YES;
				CLANG_ENABLE_OBJC_WEAK = YES;
				CLANG_WARN_BLOCK_CAPTURE_AUTORELEASING = YES;
				CLANG_WARN_BOOL_CONVERSION = YES;
				CLANG_WARN_COMMA = YES;
				CLANG_WARN_CONSTANT_CONVERSION = YES;
				CLANG_WARN_DEPRECATED_OBJC_IMPLEMENTATIONS = YES;
				CLANG_WARN_DIRECT_OBJC_ISA_USAGE = YES_ERROR;
				CLANG_WARN_DOCUMENTATION_COMMENTS = YES;
				CLANG_WARN_EMPTY_BODY = YES;
				CLANG_WARN_ENUM_CONVERSION = YES;
				CLANG_WARN_INFINITE_RECURSION = YES;
				CLANG_WARN_INT_CONVERSION = YES;
				CLANG_WARN_NON_LITERAL_NULL_CONVERSION = YES;
				CLANG_WARN_OBJC_IMPLICIT_RETAIN_SELF = YES;
				CLANG_WARN_OBJC_LITERAL_CONVERSION = YES;
				CLANG_WARN_OBJC_ROOT_CLASS = YES_ERROR;
				CLANG_WARN_QUOTED_INCLUDE_IN_FRAMEWORK_HEADER = YES;
				CLANG_WARN_RANGE_LOOP_ANALYSIS = YES;
				CLANG_WARN_STRICT_PROTOTYPES = YES;
				CLANG_WARN_SUSPICIOUS_MOVE = YES;
				CLANG_WARN_UNGUARDED_AVAILABILITY = YES_AGGRESSIVE;
				CLANG_WARN_UNREACHABLE_CODE = YES;
				CLANG_WARN__DUPLICATE_METHOD_MATCH = YES;
				COPY_PHASE_STRIP = NO;
				DEBUG_INFORMATION_FORMAT = "dwarf-with-dsym";
				ENABLE_NS_ASSERTIONS = NO;
				ENABLE_STRICT_OBJC_MSGSEND = YES;
				GCC_C_LANGUAGE_STANDARD = gnu11;
				GCC_NO_COMMON_BLOCKS = YES;
				GCC_WARN_64_TO_32_BIT_CONVERSION = YES;
				GCC_WARN_ABOUT_RETURN_TYPE = YES_ERROR;
				GCC_WARN_UNDECLARED_SELECTOR = YES;
				GCC_WARN_UNINITIALIZED_AUTOS = YES_AGGRESSIVE;
				GCC_WARN_UNUSED_FUNCTION = YES;
				GCC_WARN_UNUSED_VARIABLE = YES;
				IPHONEOS_DEPLOYMENT_TARGET = 14.3;
				MTL_ENABLE_DEBUG_INFO = NO;
				MTL_FAST_MATH = YES;
				SDKROOT = iphoneos;
				VALIDATE_PRODUCT = YES;
			};
			name = Release;
		};
		209CEF8325C167FA00854153 /* Debug */ = {
			isa = XCBuildConfiguration;
			baseConfigurationReference = 0A4120EEB5D5690A94C79E4B /* Pods-XYNHomeSys.debug.xcconfig */;
			buildSettings = {
				ASSETCATALOG_COMPILER_APPICON_NAME = AppIcon;
				ASSETCATALOG_COMPILER_GLOBAL_ACCENT_COLOR_NAME = AccentColor;
				CODE_SIGN_STYLE = Automatic;
				DEVELOPMENT_TEAM = G47U397BLU;
				EXCLUDED_ARCHS = "";
				GCC_PRECOMPILE_PREFIX_HEADER = YES;
				GCC_PREFIX_HEADER = /Users/xyn/Desktop/XYNHomeSys/XYNHomeSys/Base/PrefixHeader.pch;
				INFOPLIST_FILE = XYNHomeSys/Info.plist;
				LD_RUNPATH_SEARCH_PATHS = (
					"$(inherited)",
					"@executable_path/Frameworks",
				);
				PRODUCT_BUNDLE_IDENTIFIER = com.xyn.XYNHomeSys;
				PRODUCT_NAME = "$(TARGET_NAME)";
				TARGETED_DEVICE_FAMILY = "1,2";
			};
			name = Debug;
		};
		209CEF8425C167FA00854153 /* Release */ = {
			isa = XCBuildConfiguration;
			baseConfigurationReference = 6F291015D4BAA82996E13E48 /* Pods-XYNHomeSys.release.xcconfig */;
			buildSettings = {
				ASSETCATALOG_COMPILER_APPICON_NAME = AppIcon;
				ASSETCATALOG_COMPILER_GLOBAL_ACCENT_COLOR_NAME = AccentColor;
				CODE_SIGN_STYLE = Automatic;
				DEVELOPMENT_TEAM = G47U397BLU;
				EXCLUDED_ARCHS = "";
				GCC_PRECOMPILE_PREFIX_HEADER = YES;
				GCC_PREFIX_HEADER = /Users/xyn/Desktop/XYNHomeSys/XYNHomeSys/Base/PrefixHeader.pch;
				INFOPLIST_FILE = XYNHomeSys/Info.plist;
				LD_RUNPATH_SEARCH_PATHS = (
					"$(inherited)",
					"@executable_path/Frameworks",
				);
				PRODUCT_BUNDLE_IDENTIFIER = com.xyn.XYNHomeSys;
				PRODUCT_NAME = "$(TARGET_NAME)";
				TARGETED_DEVICE_FAMILY = "1,2";
			};
			name = Release;
		};
		209CEF8625C167FA00854153 /* Debug */ = {
			isa = XCBuildConfiguration;
			baseConfigurationReference = 4B6E95E90343E620CCC3190C /* Pods-XYNHomeSysTests.debug.xcconfig */;
			buildSettings = {
				BUNDLE_LOADER = "$(TEST_HOST)";
				CODE_SIGN_STYLE = Automatic;
				DEVELOPMENT_TEAM = G47U397BLU;
				INFOPLIST_FILE = XYNHomeSysTests/Info.plist;
				IPHONEOS_DEPLOYMENT_TARGET = 14.3;
				LD_RUNPATH_SEARCH_PATHS = (
					"$(inherited)",
					"@executable_path/Frameworks",
					"@loader_path/Frameworks",
				);
				PRODUCT_BUNDLE_IDENTIFIER = com.xyn.XYNHomeSysTests;
				PRODUCT_NAME = "$(TARGET_NAME)";
				TARGETED_DEVICE_FAMILY = "1,2";
				TEST_HOST = "$(BUILT_PRODUCTS_DIR)/XYNHomeSys.app/XYNHomeSys";
			};
			name = Debug;
		};
		209CEF8725C167FA00854153 /* Release */ = {
			isa = XCBuildConfiguration;
			baseConfigurationReference = FC386407EAC54BC0D3BD84F7 /* Pods-XYNHomeSysTests.release.xcconfig */;
			buildSettings = {
				BUNDLE_LOADER = "$(TEST_HOST)";
				CODE_SIGN_STYLE = Automatic;
				DEVELOPMENT_TEAM = G47U397BLU;
				INFOPLIST_FILE = XYNHomeSysTests/Info.plist;
				IPHONEOS_DEPLOYMENT_TARGET = 14.3;
				LD_RUNPATH_SEARCH_PATHS = (
					"$(inherited)",
					"@executable_path/Frameworks",
					"@loader_path/Frameworks",
				);
				PRODUCT_BUNDLE_IDENTIFIER = com.xyn.XYNHomeSysTests;
				PRODUCT_NAME = "$(TARGET_NAME)";
				TARGETED_DEVICE_FAMILY = "1,2";
				TEST_HOST = "$(BUILT_PRODUCTS_DIR)/XYNHomeSys.app/XYNHomeSys";
			};
			name = Release;
		};
		209CEF8925C167FA00854153 /* Debug */ = {
			isa = XCBuildConfiguration;
			baseConfigurationReference = 608EAEBDF65CE6F6B726904B /* Pods-XYNHomeSys-XYNHomeSysUITests.debug.xcconfig */;
			buildSettings = {
				CODE_SIGN_STYLE = Automatic;
				DEVELOPMENT_TEAM = G47U397BLU;
				INFOPLIST_FILE = XYNHomeSysUITests/Info.plist;
				LD_RUNPATH_SEARCH_PATHS = (
					"$(inherited)",
					"@executable_path/Frameworks",
					"@loader_path/Frameworks",
				);
				PRODUCT_BUNDLE_IDENTIFIER = com.xyn.XYNHomeSysUITests;
				PRODUCT_NAME = "$(TARGET_NAME)";
				TARGETED_DEVICE_FAMILY = "1,2";
				TEST_TARGET_NAME = XYNHomeSys;
			};
			name = Debug;
		};
		209CEF8A25C167FA00854153 /* Release */ = {
			isa = XCBuildConfiguration;
			baseConfigurationReference = A777C209F176FC45B4250063 /* Pods-XYNHomeSys-XYNHomeSysUITests.release.xcconfig */;
			buildSettings = {
				CODE_SIGN_STYLE = Automatic;
				DEVELOPMENT_TEAM = G47U397BLU;
				INFOPLIST_FILE = XYNHomeSysUITests/Info.plist;
				LD_RUNPATH_SEARCH_PATHS = (
					"$(inherited)",
					"@executable_path/Frameworks",
					"@loader_path/Frameworks",
				);
				PRODUCT_BUNDLE_IDENTIFIER = com.xyn.XYNHomeSysUITests;
				PRODUCT_NAME = "$(TARGET_NAME)";
				TARGETED_DEVICE_FAMILY = "1,2";
				TEST_TARGET_NAME = XYNHomeSys;
			};
			name = Release;
		};
/* End XCBuildConfiguration section */

/* Begin XCConfigurationList section */
		209CEF4B25C167FA00854153 /* Build configuration list for PBXProject "XYNHomeSys" */ = {
			isa = XCConfigurationList;
			buildConfigurations = (
				209CEF8025C167FA00854153 /* Debug */,
				209CEF8125C167FA00854153 /* Release */,
			);
			defaultConfigurationIsVisible = 0;
			defaultConfigurationName = Release;
		};
		209CEF8225C167FA00854153 /* Build configuration list for PBXNativeTarget "XYNHomeSys" */ = {
			isa = XCConfigurationList;
			buildConfigurations = (
				209CEF8325C167FA00854153 /* Debug */,
				209CEF8425C167FA00854153 /* Release */,
			);
			defaultConfigurationIsVisible = 0;
			defaultConfigurationName = Release;
		};
		209CEF8525C167FA00854153 /* Build configuration list for PBXNativeTarget "XYNHomeSysTests" */ = {
			isa = XCConfigurationList;
			buildConfigurations = (
				209CEF8625C167FA00854153 /* Debug */,
				209CEF8725C167FA00854153 /* Release */,
			);
			defaultConfigurationIsVisible = 0;
			defaultConfigurationName = Release;
		};
		209CEF8825C167FA00854153 /* Build configuration list for PBXNativeTarget "XYNHomeSysUITests" */ = {
			isa = XCConfigurationList;
			buildConfigurations = (
				209CEF8925C167FA00854153 /* Debug */,
				209CEF8A25C167FA00854153 /* Release */,
			);
			defaultConfigurationIsVisible = 0;
			defaultConfigurationName = Release;
		};
/* End XCConfigurationList section */

/* Begin XCVersionGroup section */
		209CEF5F25C167FA00854153 /* XYNHomeSys.xcdatamodeld */ = {
			isa = XCVersionGroup;
			children = (
				209CEF6025C167FA00854153 /* XYNHomeSys.xcdatamodel */,
			);
			currentVersion = 209CEF6025C167FA00854153 /* XYNHomeSys.xcdatamodel */;
			path = XYNHomeSys.xcdatamodeld;
			sourceTree = "<group>";
			versionGroupType = wrapper.xcdatamodel;
		};
/* End XCVersionGroup section */
	};
	rootObject = 209CEF4825C167FA00854153 /* Project object */;
}
